
Microsoft Visual Studio Solution File, Format Version 12.00
# Visual Studio Version 16
VisualStudioVersion = 16.0.31702.278
MinimumVisualStudioVersion = 10.0.40219.1
Project("{FAE04EC0-301F-11D3-BF4B-00C04F79EFBC}") = "TalkingClock", "TalkingClock\TalkingClock.csproj", "{AAC8E758-EA7E-4C90-97AB-3D01F994A67D}"
EndProject
Project("{FAE04EC0-301F-11D3-BF4B-00C04F79EFBC}") = "TalkingClock.Tests", "TalkingClock.Tests\TalkingClock.Tests.csproj", "{FB54F6BC-1801-4C6C-B9BD-85CCA669421D}"
EndProject
Global
	GlobalSection(SolutionConfigurationPlatforms) = preSolution
		Debug|Any CPU = Debug|Any CPU
		Release|Any CPU = Release|Any CPU
	EndGlobalSection
	GlobalSection(ProjectConfigurationPlatforms) = postSolution
		{AAC8E758-EA7E-4C90-97AB-3D01F994A67D}.Debug|Any CPU.ActiveCfg = Debug|Any CPU
		{AAC8E758-EA7E-4C90-97AB-3D01F994A67D}.Debug|Any CPU.Build.0 = Debug|Any CPU
		{AAC8E758-EA7E-4C90-97AB-3D01F994A67D}.Release|Any CPU.ActiveCfg = Release|Any CPU
		{AAC8E758-EA7E-4C90-97AB-3D01F994A67D}.Release|Any CPU.Build.0 = Release|Any CPU
		{FB54F6BC-1801-4C6C-B9BD-85CCA669421D}.Debug|Any CPU.ActiveCfg = Debug|Any CPU
		{FB54F6BC-1801-4C6C-B9BD-85CCA669421D}.Debug|Any CPU.Build.0 = Debug|Any CPU
		{FB54F6BC-1801-4C6C-B9BD-85CCA669421D}.Release|Any CPU.ActiveCfg = Release|Any CPU
		{FB54F6BC-1801-4C6C-B9BD-85CCA669421D}.Release|Any CPU.Build.0 = Release|Any CPU
	EndGlobalSection
	GlobalSection(SolutionProperties) = preSolution
		HideSolutionNode = FALSE
	EndGlobalSection
	GlobalSection(ExtensibilityGlobals) = postSolution
		SolutionGuid = {41BFF7DC-014B-451F-8DBC-F5652D24C48F}
	EndGlobalSection
EndGlobal
